// !$*UTF8*$!
{
	archiveVersion = 1;
	classes = {
	};
	objectVersion = 50;
	objects = {

/* Begin PBXBuildFile section */
		8460D8D2219BE05A005B8622 /* EndGameVC.swift in Sources */ = {isa = PBXBuildFile; fileRef = 8460D8D1219BE05A005B8622 /* EndGameVC.swift */; };
		84E78C52219B533D00D7BF31 /* (null) in Sources */ = {isa = PBXBuildFile; };
		A5783281219BA43E0096CCE8 /* LeaderboardRepo.swift in Sources */ = {isa = PBXBuildFile; fileRef = A5783280219BA43E0096CCE8 /* LeaderboardRepo.swift */; };
		A5783283219BABBA0096CCE8 /* Ranking.swift in Sources */ = {isa = PBXBuildFile; fileRef = A5783282219BABBA0096CCE8 /* Ranking.swift */; };
		A5783285219C7E8B0096CCE8 /* Setting.swift in Sources */ = {isa = PBXBuildFile; fileRef = A5783284219C7E8B0096CCE8 /* Setting.swift */; };
		A5783287219C802E0096CCE8 /* settings.json in Resources */ = {isa = PBXBuildFile; fileRef = A5783286219C802E0096CCE8 /* settings.json */; };
		A91BE9C12198F70700E4BA67 /* AppDelegate.swift in Sources */ = {isa = PBXBuildFile; fileRef = A91BE9C02198F70700E4BA67 /* AppDelegate.swift */; };
		A91BE9C62198F70700E4BA67 /* Main.storyboard in Resources */ = {isa = PBXBuildFile; fileRef = A91BE9C42198F70700E4BA67 /* Main.storyboard */; };
		A91BE9C82198F70900E4BA67 /* Assets.xcassets in Resources */ = {isa = PBXBuildFile; fileRef = A91BE9C72198F70900E4BA67 /* Assets.xcassets */; };
		A91BE9CB2198F70900E4BA67 /* LaunchScreen.storyboard in Resources */ = {isa = PBXBuildFile; fileRef = A91BE9C92198F70900E4BA67 /* LaunchScreen.storyboard */; };
		A91BE9D62198F70900E4BA67 /* WhoSaidItTests.swift in Sources */ = {isa = PBXBuildFile; fileRef = A91BE9D52198F70900E4BA67 /* WhoSaidItTests.swift */; };
		A91BE9E12198F70900E4BA67 /* WhoSaidItUITests.swift in Sources */ = {isa = PBXBuildFile; fileRef = A91BE9E02198F70900E4BA67 /* WhoSaidItUITests.swift */; };
		A91BE9F12198FA8900E4BA67 /* SettingsVC.swift in Sources */ = {isa = PBXBuildFile; fileRef = A91BE9F02198FA8900E4BA67 /* SettingsVC.swift */; };
		A91BE9F52198FB0C00E4BA67 /* LeaderboardVC.swift in Sources */ = {isa = PBXBuildFile; fileRef = A91BE9F42198FB0C00E4BA67 /* LeaderboardVC.swift */; };
		A91BE9F72198FB4300E4BA67 /* GameVC.swift in Sources */ = {isa = PBXBuildFile; fileRef = A91BE9F62198FB4300E4BA67 /* GameVC.swift */; };
		A91BE9F92198FE1800E4BA67 /* StartGameVC.swift in Sources */ = {isa = PBXBuildFile; fileRef = A91BE9F82198FE1800E4BA67 /* StartGameVC.swift */; };
		A91BE9FD2199E2E800E4BA67 /* Twitter_Logo_Blue.png in Resources */ = {isa = PBXBuildFile; fileRef = A91BE9FC2199E2E800E4BA67 /* Twitter_Logo_Blue.png */; };
		A91BEA002199F3F700E4BA67 /* TweetRepo.swift in Sources */ = {isa = PBXBuildFile; fileRef = A91BE9FF2199F3F700E4BA67 /* TweetRepo.swift */; };
		A91BEA032199F4D400E4BA67 /* TweetData.swift in Sources */ = {isa = PBXBuildFile; fileRef = A91BEA022199F4D400E4BA67 /* TweetData.swift */; };
		A91BEA05219A06F400E4BA67 /* SettingsRepo.swift in Sources */ = {isa = PBXBuildFile; fileRef = A91BEA04219A06F400E4BA67 /* SettingsRepo.swift */; };
		A91BEA07219A91F400E4BA67 /* TweetLoader.swift in Sources */ = {isa = PBXBuildFile; fileRef = A91BEA06219A91F400E4BA67 /* TweetLoader.swift */; };
		A9DAF25D21C6DB900010E0F4 /* TwitterOptionCell.swift in Sources */ = {isa = PBXBuildFile; fileRef = A9DAF25C21C6DB900010E0F4 /* TwitterOptionCell.swift */; };
/* End PBXBuildFile section */

/* Begin PBXContainerItemProxy section */
		A91BE9D22198F70900E4BA67 /* PBXContainerItemProxy */ = {
			isa = PBXContainerItemProxy;
			containerPortal = A91BE9B52198F70700E4BA67 /* Project object */;
			proxyType = 1;
			remoteGlobalIDString = A91BE9BC2198F70700E4BA67;
			remoteInfo = WhoSaidIt;
		};
		A91BE9DD2198F70900E4BA67 /* PBXContainerItemProxy */ = {
			isa = PBXContainerItemProxy;
			containerPortal = A91BE9B52198F70700E4BA67 /* Project object */;
			proxyType = 1;
			remoteGlobalIDString = A91BE9BC2198F70700E4BA67;
			remoteInfo = WhoSaidIt;
		};
/* End PBXContainerItemProxy section */

/* Begin PBXFileReference section */
		3972432C259CFE113FAF3D6A /* Pods-WhoSaidItUITests.debug.xcconfig */ = {isa = PBXFileReference; includeInIndex = 1; lastKnownFileType = text.xcconfig; name = "Pods-WhoSaidItUITests.debug.xcconfig"; path = "Pods/Target Support Files/Pods-WhoSaidItUITests/Pods-WhoSaidItUITests.debug.xcconfig"; sourceTree = "<group>"; };
		6029F9BE04C2AB5939F5A99F /* Pods-WhoSaidItTests.debug.xcconfig */ = {isa = PBXFileReference; includeInIndex = 1; lastKnownFileType = text.xcconfig; name = "Pods-WhoSaidItTests.debug.xcconfig"; path = "Pods/Target Support Files/Pods-WhoSaidItTests/Pods-WhoSaidItTests.debug.xcconfig"; sourceTree = "<group>"; };
		67B88E5C5794156E99A0E889 /* Pods-WhoSaidItTests.release.xcconfig */ = {isa = PBXFileReference; includeInIndex = 1; lastKnownFileType = text.xcconfig; name = "Pods-WhoSaidItTests.release.xcconfig"; path = "Pods/Target Support Files/Pods-WhoSaidItTests/Pods-WhoSaidItTests.release.xcconfig"; sourceTree = "<group>"; };
		8460D8D1219BE05A005B8622 /* EndGameVC.swift */ = {isa = PBXFileReference; lastKnownFileType = sourcecode.swift; path = EndGameVC.swift; sourceTree = "<group>"; };
		A5783280219BA43E0096CCE8 /* LeaderboardRepo.swift */ = {isa = PBXFileReference; lastKnownFileType = sourcecode.swift; path = LeaderboardRepo.swift; sourceTree = "<group>"; };
		A5783282219BABBA0096CCE8 /* Ranking.swift */ = {isa = PBXFileReference; lastKnownFileType = sourcecode.swift; path = Ranking.swift; sourceTree = "<group>"; };
		A5783284219C7E8B0096CCE8 /* Setting.swift */ = {isa = PBXFileReference; lastKnownFileType = sourcecode.swift; path = Setting.swift; sourceTree = "<group>"; };
		A5783286219C802E0096CCE8 /* settings.json */ = {isa = PBXFileReference; lastKnownFileType = text.json; path = settings.json; sourceTree = "<group>"; };
		A91BE9BD2198F70700E4BA67 /* WhoSaidIt.app */ = {isa = PBXFileReference; explicitFileType = wrapper.application; includeInIndex = 0; path = WhoSaidIt.app; sourceTree = BUILT_PRODUCTS_DIR; };
		A91BE9C02198F70700E4BA67 /* AppDelegate.swift */ = {isa = PBXFileReference; lastKnownFileType = sourcecode.swift; path = AppDelegate.swift; sourceTree = "<group>"; };
		A91BE9C52198F70700E4BA67 /* Base */ = {isa = PBXFileReference; lastKnownFileType = file.storyboard; name = Base; path = Base.lproj/Main.storyboard; sourceTree = "<group>"; };
		A91BE9C72198F70900E4BA67 /* Assets.xcassets */ = {isa = PBXFileReference; lastKnownFileType = folder.assetcatalog; path = Assets.xcassets; sourceTree = "<group>"; };
		A91BE9CA2198F70900E4BA67 /* Base */ = {isa = PBXFileReference; lastKnownFileType = file.storyboard; name = Base; path = Base.lproj/LaunchScreen.storyboard; sourceTree = "<group>"; };
		A91BE9CC2198F70900E4BA67 /* Info.plist */ = {isa = PBXFileReference; lastKnownFileType = text.plist.xml; path = Info.plist; sourceTree = "<group>"; };
		A91BE9D12198F70900E4BA67 /* WhoSaidItTests.xctest */ = {isa = PBXFileReference; explicitFileType = wrapper.cfbundle; includeInIndex = 0; path = WhoSaidItTests.xctest; sourceTree = BUILT_PRODUCTS_DIR; };
		A91BE9D52198F70900E4BA67 /* WhoSaidItTests.swift */ = {isa = PBXFileReference; lastKnownFileType = sourcecode.swift; path = WhoSaidItTests.swift; sourceTree = "<group>"; };
		A91BE9D72198F70900E4BA67 /* Info.plist */ = {isa = PBXFileReference; lastKnownFileType = text.plist.xml; path = Info.plist; sourceTree = "<group>"; };
		A91BE9DC2198F70900E4BA67 /* WhoSaidItUITests.xctest */ = {isa = PBXFileReference; explicitFileType = wrapper.cfbundle; includeInIndex = 0; path = WhoSaidItUITests.xctest; sourceTree = BUILT_PRODUCTS_DIR; };
		A91BE9E02198F70900E4BA67 /* WhoSaidItUITests.swift */ = {isa = PBXFileReference; lastKnownFileType = sourcecode.swift; path = WhoSaidItUITests.swift; sourceTree = "<group>"; };
		A91BE9E22198F70900E4BA67 /* Info.plist */ = {isa = PBXFileReference; lastKnownFileType = text.plist.xml; path = Info.plist; sourceTree = "<group>"; };
		A91BE9F02198FA8900E4BA67 /* SettingsVC.swift */ = {isa = PBXFileReference; lastKnownFileType = sourcecode.swift; path = SettingsVC.swift; sourceTree = "<group>"; };
		A91BE9F42198FB0C00E4BA67 /* LeaderboardVC.swift */ = {isa = PBXFileReference; lastKnownFileType = sourcecode.swift; path = LeaderboardVC.swift; sourceTree = "<group>"; };
		A91BE9F62198FB4300E4BA67 /* GameVC.swift */ = {isa = PBXFileReference; lastKnownFileType = sourcecode.swift; path = GameVC.swift; sourceTree = "<group>"; };
		A91BE9F82198FE1800E4BA67 /* StartGameVC.swift */ = {isa = PBXFileReference; lastKnownFileType = sourcecode.swift; path = StartGameVC.swift; sourceTree = "<group>"; };
		A91BE9FC2199E2E800E4BA67 /* Twitter_Logo_Blue.png */ = {isa = PBXFileReference; lastKnownFileType = image.png; path = Twitter_Logo_Blue.png; sourceTree = "<group>"; };
		A91BE9FF2199F3F700E4BA67 /* TweetRepo.swift */ = {isa = PBXFileReference; lastKnownFileType = sourcecode.swift; path = TweetRepo.swift; sourceTree = "<group>"; };
		A91BEA022199F4D400E4BA67 /* TweetData.swift */ = {isa = PBXFileReference; lastKnownFileType = sourcecode.swift; path = TweetData.swift; sourceTree = "<group>"; };
		A91BEA04219A06F400E4BA67 /* SettingsRepo.swift */ = {isa = PBXFileReference; lastKnownFileType = sourcecode.swift; path = SettingsRepo.swift; sourceTree = "<group>"; };
		A91BEA06219A91F400E4BA67 /* TweetLoader.swift */ = {isa = PBXFileReference; lastKnownFileType = sourcecode.swift; path = TweetLoader.swift; sourceTree = "<group>"; };
		A91BEA10219B5E4000E4BA67 /* Twitter-Bridging-Header.h */ = {isa = PBXFileReference; lastKnownFileType = sourcecode.c.h; path = "Twitter-Bridging-Header.h"; sourceTree = "<group>"; };
		A9DAF25C21C6DB900010E0F4 /* TwitterOptionCell.swift */ = {isa = PBXFileReference; lastKnownFileType = sourcecode.swift; path = TwitterOptionCell.swift; sourceTree = "<group>"; };
		A9DAF26321C750FB0010E0F4 /* en */ = {isa = PBXFileReference; lastKnownFileType = text.plist.strings; name = en; path = en.lproj/Main.strings; sourceTree = "<group>"; };
		AE5E1C0563729276CD50732E /* Pods-WhoSaidIt.release.xcconfig */ = {isa = PBXFileReference; includeInIndex = 1; lastKnownFileType = text.xcconfig; name = "Pods-WhoSaidIt.release.xcconfig"; path = "Pods/Target Support Files/Pods-WhoSaidIt/Pods-WhoSaidIt.release.xcconfig"; sourceTree = "<group>"; };
		F8DA92C9121D3648FFF5C358 /* Pods-WhoSaidIt.debug.xcconfig */ = {isa = PBXFileReference; includeInIndex = 1; lastKnownFileType = text.xcconfig; name = "Pods-WhoSaidIt.debug.xcconfig"; path = "Pods/Target Support Files/Pods-WhoSaidIt/Pods-WhoSaidIt.debug.xcconfig"; sourceTree = "<group>"; };
		FF12304CE0E9DA752F48EC4A /* Pods-WhoSaidItUITests.release.xcconfig */ = {isa = PBXFileReference; includeInIndex = 1; lastKnownFileType = text.xcconfig; name = "Pods-WhoSaidItUITests.release.xcconfig"; path = "Pods/Target Support Files/Pods-WhoSaidItUITests/Pods-WhoSaidItUITests.release.xcconfig"; sourceTree = "<group>"; };
/* End PBXFileReference section */

/* Begin PBXFrameworksBuildPhase section */
		A91BE9BA2198F70700E4BA67 /* Frameworks */ = {
			isa = PBXFrameworksBuildPhase;
			buildActionMask = 2147483647;
			files = (
			);
			runOnlyForDeploymentPostprocessing = 0;
		};
		A91BE9CE2198F70900E4BA67 /* Frameworks */ = {
			isa = PBXFrameworksBuildPhase;
			buildActionMask = 2147483647;
			files = (
			);
			runOnlyForDeploymentPostprocessing = 0;
		};
		A91BE9D92198F70900E4BA67 /* Frameworks */ = {
			isa = PBXFrameworksBuildPhase;
			buildActionMask = 2147483647;
			files = (
			);
			runOnlyForDeploymentPostprocessing = 0;
		};
/* End PBXFrameworksBuildPhase section */

/* Begin PBXGroup section */
		1FEC4C7CCEA420810EE0BEBF /* Frameworks */ = {
			isa = PBXGroup;
			children = (
			);
			name = Frameworks;
			sourceTree = "<group>";
		};
		754D734E9EFE802B44EBBD82 /* Pods */ = {
			isa = PBXGroup;
			children = (
				F8DA92C9121D3648FFF5C358 /* Pods-WhoSaidIt.debug.xcconfig */,
				AE5E1C0563729276CD50732E /* Pods-WhoSaidIt.release.xcconfig */,
				6029F9BE04C2AB5939F5A99F /* Pods-WhoSaidItTests.debug.xcconfig */,
				67B88E5C5794156E99A0E889 /* Pods-WhoSaidItTests.release.xcconfig */,
				3972432C259CFE113FAF3D6A /* Pods-WhoSaidItUITests.debug.xcconfig */,
				FF12304CE0E9DA752F48EC4A /* Pods-WhoSaidItUITests.release.xcconfig */,
			);
			name = Pods;
			sourceTree = "<group>";
		};
		A91BE9B42198F70700E4BA67 = {
			isa = PBXGroup;
			children = (
				A91BE9BF2198F70700E4BA67 /* WhoSaidIt */,
				A91BE9D42198F70900E4BA67 /* WhoSaidItTests */,
				A91BE9DF2198F70900E4BA67 /* WhoSaidItUITests */,
				A91BE9BE2198F70700E4BA67 /* Products */,
				754D734E9EFE802B44EBBD82 /* Pods */,
				1FEC4C7CCEA420810EE0BEBF /* Frameworks */,
			);
			sourceTree = "<group>";
		};
		A91BE9BE2198F70700E4BA67 /* Products */ = {
			isa = PBXGroup;
			children = (
				A91BE9BD2198F70700E4BA67 /* WhoSaidIt.app */,
				A91BE9D12198F70900E4BA67 /* WhoSaidItTests.xctest */,
				A91BE9DC2198F70900E4BA67 /* WhoSaidItUITests.xctest */,
			);
			name = Products;
			sourceTree = "<group>";
		};
		A91BE9BF2198F70700E4BA67 /* WhoSaidIt */ = {
			isa = PBXGroup;
			children = (
				A91BE9C92198F70900E4BA67 /* LaunchScreen.storyboard */,
				A91BE9C42198F70700E4BA67 /* Main.storyboard */,
				A91BE9C02198F70700E4BA67 /* AppDelegate.swift */,
				A91BE9F82198FE1800E4BA67 /* StartGameVC.swift */,
				A91BE9F62198FB4300E4BA67 /* GameVC.swift */,
				A91BE9F42198FB0C00E4BA67 /* LeaderboardVC.swift */,
				A91BE9F02198FA8900E4BA67 /* SettingsVC.swift */,
				A9DAF25C21C6DB900010E0F4 /* TwitterOptionCell.swift */,
				A91BE9C72198F70900E4BA67 /* Assets.xcassets */,
				A91BEA04219A06F400E4BA67 /* SettingsRepo.swift */,
				A91BEA022199F4D400E4BA67 /* TweetData.swift */,
				A91BEA06219A91F400E4BA67 /* TweetLoader.swift */,
				A91BE9FF2199F3F700E4BA67 /* TweetRepo.swift */,
				A91BEA10219B5E4000E4BA67 /* Twitter-Bridging-Header.h */,
				A91BE9CC2198F70900E4BA67 /* Info.plist */,
				A91BE9FC2199E2E800E4BA67 /* Twitter_Logo_Blue.png */,
				A5783280219BA43E0096CCE8 /* LeaderboardRepo.swift */,
				A5783282219BABBA0096CCE8 /* Ranking.swift */,
				8460D8D1219BE05A005B8622 /* EndGameVC.swift */,
				A5783284219C7E8B0096CCE8 /* Setting.swift */,
				A5783286219C802E0096CCE8 /* settings.json */,
			);
			path = WhoSaidIt;
			sourceTree = "<group>";
		};
		A91BE9D42198F70900E4BA67 /* WhoSaidItTests */ = {
			isa = PBXGroup;
			children = (
				A91BE9D52198F70900E4BA67 /* WhoSaidItTests.swift */,
				A91BE9D72198F70900E4BA67 /* Info.plist */,
			);
			path = WhoSaidItTests;
			sourceTree = "<group>";
		};
		A91BE9DF2198F70900E4BA67 /* WhoSaidItUITests */ = {
			isa = PBXGroup;
			children = (
				A91BE9E02198F70900E4BA67 /* WhoSaidItUITests.swift */,
				A91BE9E22198F70900E4BA67 /* Info.plist */,
			);
			path = WhoSaidItUITests;
			sourceTree = "<group>";
		};
/* End PBXGroup section */

/* Begin PBXNativeTarget section */
		A91BE9BC2198F70700E4BA67 /* WhoSaidIt */ = {
			isa = PBXNativeTarget;
			buildConfigurationList = A91BE9E52198F70900E4BA67 /* Build configuration list for PBXNativeTarget "WhoSaidIt" */;
			buildPhases = (
				4B31D2222AD5D755C1FD2090 /* [CP] Check Pods Manifest.lock */,
				A91BE9B92198F70700E4BA67 /* Sources */,
				A91BE9BA2198F70700E4BA67 /* Frameworks */,
				A91BE9BB2198F70700E4BA67 /* Resources */,
				A9C5CDD36E20281C565EE512 /* [CP] Embed Pods Frameworks */,
				5A535C1FFDC2076A79E41089 /* [CP] Copy Pods Resources */,
			);
			buildRules = (
			);
			dependencies = (
			);
			name = WhoSaidIt;
			productName = WhoSaidIt;
			productReference = A91BE9BD2198F70700E4BA67 /* WhoSaidIt.app */;
			productType = "com.apple.product-type.application";
		};
		A91BE9D02198F70900E4BA67 /* WhoSaidItTests */ = {
			isa = PBXNativeTarget;
			buildConfigurationList = A91BE9E82198F70900E4BA67 /* Build configuration list for PBXNativeTarget "WhoSaidItTests" */;
			buildPhases = (
				79CB2BAADBB8F7E52C8EC387 /* [CP] Check Pods Manifest.lock */,
				A91BE9CD2198F70900E4BA67 /* Sources */,
				A91BE9CE2198F70900E4BA67 /* Frameworks */,
				A91BE9CF2198F70900E4BA67 /* Resources */,
			);
			buildRules = (
			);
			dependencies = (
				A91BE9D32198F70900E4BA67 /* PBXTargetDependency */,
			);
			name = WhoSaidItTests;
			productName = WhoSaidItTests;
			productReference = A91BE9D12198F70900E4BA67 /* WhoSaidItTests.xctest */;
			productType = "com.apple.product-type.bundle.unit-test";
		};
		A91BE9DB2198F70900E4BA67 /* WhoSaidItUITests */ = {
			isa = PBXNativeTarget;
			buildConfigurationList = A91BE9EB2198F70900E4BA67 /* Build configuration list for PBXNativeTarget "WhoSaidItUITests" */;
			buildPhases = (
				20CC5EFC2F426165A161FF08 /* [CP] Check Pods Manifest.lock */,
				A91BE9D82198F70900E4BA67 /* Sources */,
				A91BE9D92198F70900E4BA67 /* Frameworks */,
				A91BE9DA2198F70900E4BA67 /* Resources */,
			);
			buildRules = (
			);
			dependencies = (
				A91BE9DE2198F70900E4BA67 /* PBXTargetDependency */,
			);
			name = WhoSaidItUITests;
			productName = WhoSaidItUITests;
			productReference = A91BE9DC2198F70900E4BA67 /* WhoSaidItUITests.xctest */;
			productType = "com.apple.product-type.bundle.ui-testing";
		};
/* End PBXNativeTarget section */

/* Begin PBXProject section */
		A91BE9B52198F70700E4BA67 /* Project object */ = {
			isa = PBXProject;
			attributes = {
				LastSwiftUpdateCheck = 1000;
				LastUpgradeCheck = 1000;
				ORGANIZATIONNAME = TGS;
				TargetAttributes = {
					A91BE9BC2198F70700E4BA67 = {
						CreatedOnToolsVersion = 10.0;
					};
					A91BE9D02198F70900E4BA67 = {
						CreatedOnToolsVersion = 10.0;
						TestTargetID = A91BE9BC2198F70700E4BA67;
					};
					A91BE9DB2198F70900E4BA67 = {
						CreatedOnToolsVersion = 10.0;
						TestTargetID = A91BE9BC2198F70700E4BA67;
					};
				};
			};
			buildConfigurationList = A91BE9B82198F70700E4BA67 /* Build configuration list for PBXProject "WhoSaidIt" */;
			compatibilityVersion = "Xcode 9.3";
			developmentRegion = en;
			hasScannedForEncodings = 0;
			knownRegions = (
				en,
				Base,
			);
			mainGroup = A91BE9B42198F70700E4BA67;
			productRefGroup = A91BE9BE2198F70700E4BA67 /* Products */;
			projectDirPath = "";
			projectRoot = "";
			targets = (
				A91BE9BC2198F70700E4BA67 /* WhoSaidIt */,
				A91BE9D02198F70900E4BA67 /* WhoSaidItTests */,
				A91BE9DB2198F70900E4BA67 /* WhoSaidItUITests */,
			);
		};
/* End PBXProject section */

/* Begin PBXResourcesBuildPhase section */
		A91BE9BB2198F70700E4BA67 /* Resources */ = {
			isa = PBXResourcesBuildPhase;
			buildActionMask = 2147483647;
			files = (
				A91BE9CB2198F70900E4BA67 /* LaunchScreen.storyboard in Resources */,
				A91BE9FD2199E2E800E4BA67 /* Twitter_Logo_Blue.png in Resources */,
				A91BE9C82198F70900E4BA67 /* Assets.xcassets in Resources */,
				A5783287219C802E0096CCE8 /* settings.json in Resources */,
				A91BE9C62198F70700E4BA67 /* Main.storyboard in Resources */,
			);
			runOnlyForDeploymentPostprocessing = 0;
		};
		A91BE9CF2198F70900E4BA67 /* Resources */ = {
			isa = PBXResourcesBuildPhase;
			buildActionMask = 2147483647;
			files = (
			);
			runOnlyForDeploymentPostprocessing = 0;
		};
		A91BE9DA2198F70900E4BA67 /* Resources */ = {
			isa = PBXResourcesBuildPhase;
			buildActionMask = 2147483647;
			files = (
			);
			runOnlyForDeploymentPostprocessing = 0;
		};
/* End PBXResourcesBuildPhase section */

/* Begin PBXShellScriptBuildPhase section */
		20CC5EFC2F426165A161FF08 /* [CP] Check Pods Manifest.lock */ = {
			isa = PBXShellScriptBuildPhase;
			buildActionMask = 2147483647;
			files = (
			);
			inputFileListPaths = (
			);
			inputPaths = (
				"${PODS_PODFILE_DIR_PATH}/Podfile.lock",
				"${PODS_ROOT}/Manifest.lock",
			);
			name = "[CP] Check Pods Manifest.lock";
			outputFileListPaths = (
			);
			outputPaths = (
				"$(DERIVED_FILE_DIR)/Pods-WhoSaidItUITests-checkManifestLockResult.txt",
			);
			runOnlyForDeploymentPostprocessing = 0;
			shellPath = /bin/sh;
			shellScript = "diff \"${PODS_PODFILE_DIR_PATH}/Podfile.lock\" \"${PODS_ROOT}/Manifest.lock\" > /dev/null\nif [ $? != 0 ] ; then\n    # print error to STDERR\n    echo \"error: The sandbox is not in sync with the Podfile.lock. Run 'pod install' or update your CocoaPods installation.\" >&2\n    exit 1\nfi\n# This output is used by Xcode 'outputs' to avoid re-running this script phase.\necho \"SUCCESS\" > \"${SCRIPT_OUTPUT_FILE_0}\"\n";
			showEnvVarsInLog = 0;
		};
		4B31D2222AD5D755C1FD2090 /* [CP] Check Pods Manifest.lock */ = {
			isa = PBXShellScriptBuildPhase;
			buildActionMask = 2147483647;
			files = (
			);
			inputFileListPaths = (
			);
			inputPaths = (
				"${PODS_PODFILE_DIR_PATH}/Podfile.lock",
				"${PODS_ROOT}/Manifest.lock",
			);
			name = "[CP] Check Pods Manifest.lock";
			outputFileListPaths = (
			);
			outputPaths = (
				"$(DERIVED_FILE_DIR)/Pods-WhoSaidIt-checkManifestLockResult.txt",
			);
			runOnlyForDeploymentPostprocessing = 0;
			shellPath = /bin/sh;
			shellScript = "diff \"${PODS_PODFILE_DIR_PATH}/Podfile.lock\" \"${PODS_ROOT}/Manifest.lock\" > /dev/null\nif [ $? != 0 ] ; then\n    # print error to STDERR\n    echo \"error: The sandbox is not in sync with the Podfile.lock. Run 'pod install' or update your CocoaPods installation.\" >&2\n    exit 1\nfi\n# This output is used by Xcode 'outputs' to avoid re-running this script phase.\necho \"SUCCESS\" > \"${SCRIPT_OUTPUT_FILE_0}\"\n";
			showEnvVarsInLog = 0;
		};
		5A535C1FFDC2076A79E41089 /* [CP] Copy Pods Resources */ = {
			isa = PBXShellScriptBuildPhase;
			buildActionMask = 2147483647;
			files = (
			);
			inputFileListPaths = (
			);
			inputPaths = (
				"${SRCROOT}/Pods/Target Support Files/Pods-WhoSaidIt/Pods-WhoSaidIt-resources.sh",
				"${PODS_ROOT}/TwitterKit/iOS/TwitterKit.framework/TwitterKitResources.bundle",
			);
			name = "[CP] Copy Pods Resources";
			outputFileListPaths = (
			);
			outputPaths = (
				"${TARGET_BUILD_DIR}/${UNLOCALIZED_RESOURCES_FOLDER_PATH}/TwitterKitResources.bundle",
			);
			runOnlyForDeploymentPostprocessing = 0;
			shellPath = /bin/sh;
			shellScript = "\"${SRCROOT}/Pods/Target Support Files/Pods-WhoSaidIt/Pods-WhoSaidIt-resources.sh\"\n";
			showEnvVarsInLog = 0;
		};
		79CB2BAADBB8F7E52C8EC387 /* [CP] Check Pods Manifest.lock */ = {
			isa = PBXShellScriptBuildPhase;
			buildActionMask = 2147483647;
			files = (
			);
			inputFileListPaths = (
			);
			inputPaths = (
				"${PODS_PODFILE_DIR_PATH}/Podfile.lock",
				"${PODS_ROOT}/Manifest.lock",
			);
			name = "[CP] Check Pods Manifest.lock";
			outputFileListPaths = (
			);
			outputPaths = (
				"$(DERIVED_FILE_DIR)/Pods-WhoSaidItTests-checkManifestLockResult.txt",
			);
			runOnlyForDeploymentPostprocessing = 0;
			shellPath = /bin/sh;
			shellScript = "diff \"${PODS_PODFILE_DIR_PATH}/Podfile.lock\" \"${PODS_ROOT}/Manifest.lock\" > /dev/null\nif [ $? != 0 ] ; then\n    # print error to STDERR\n    echo \"error: The sandbox is not in sync with the Podfile.lock. Run 'pod install' or update your CocoaPods installation.\" >&2\n    exit 1\nfi\n# This output is used by Xcode 'outputs' to avoid re-running this script phase.\necho \"SUCCESS\" > \"${SCRIPT_OUTPUT_FILE_0}\"\n";
			showEnvVarsInLog = 0;
		};
		A9C5CDD36E20281C565EE512 /* [CP] Embed Pods Frameworks */ = {
			isa = PBXShellScriptBuildPhase;
			buildActionMask = 2147483647;
			files = (
			);
			inputFileListPaths = (
			);
			inputPaths = (
				"${SRCROOT}/Pods/Target Support Files/Pods-WhoSaidIt/Pods-WhoSaidIt-frameworks.sh",
				"${PODS_ROOT}/TwitterCore/iOS/TwitterCore.framework",
				"${PODS_ROOT}/TwitterKit/iOS/TwitterKit.framework",
			);
			name = "[CP] Embed Pods Frameworks";
			outputFileListPaths = (
			);
			outputPaths = (
				"${TARGET_BUILD_DIR}/${FRAMEWORKS_FOLDER_PATH}/TwitterCore.framework",
				"${TARGET_BUILD_DIR}/${FRAMEWORKS_FOLDER_PATH}/TwitterKit.framework",
			);
			runOnlyForDeploymentPostprocessing = 0;
			shellPath = /bin/sh;
			shellScript = "\"${SRCROOT}/Pods/Target Support Files/Pods-WhoSaidIt/Pods-WhoSaidIt-frameworks.sh\"\n";
			showEnvVarsInLog = 0;
		};
/* End PBXShellScriptBuildPhase section */

/* Begin PBXSourcesBuildPhase section */
		A91BE9B92198F70700E4BA67 /* Sources */ = {
			isa = PBXSourcesBuildPhase;
			buildActionMask = 2147483647;
			files = (
				A91BE9F52198FB0C00E4BA67 /* LeaderboardVC.swift in Sources */,
				A91BE9F92198FE1800E4BA67 /* StartGameVC.swift in Sources */,
				A5783281219BA43E0096CCE8 /* LeaderboardRepo.swift in Sources */,
				8460D8D2219BE05A005B8622 /* EndGameVC.swift in Sources */,
				A5783285219C7E8B0096CCE8 /* Setting.swift in Sources */,
				84E78C52219B533D00D7BF31 /* (null) in Sources */,
				A5783283219BABBA0096CCE8 /* Ranking.swift in Sources */,
				A91BE9C12198F70700E4BA67 /* AppDelegate.swift in Sources */,
				A91BEA002199F3F700E4BA67 /* TweetRepo.swift in Sources */,
				A91BEA05219A06F400E4BA67 /* SettingsRepo.swift in Sources */,
				A91BEA032199F4D400E4BA67 /* TweetData.swift in Sources */,
				A91BEA07219A91F400E4BA67 /* TweetLoader.swift in Sources */,
				A91BE9F72198FB4300E4BA67 /* GameVC.swift in Sources */,
				A9DAF25D21C6DB900010E0F4 /* TwitterOptionCell.swift in Sources */,
				A91BE9F12198FA8900E4BA67 /* SettingsVC.swift in Sources */,
			);
			runOnlyForDeploymentPostprocessing = 0;
		};
		A91BE9CD2198F70900E4BA67 /* Sources */ = {
			isa = PBXSourcesBuildPhase;
			buildActionMask = 2147483647;
			files = (
				A91BE9D62198F70900E4BA67 /* WhoSaidItTests.swift in Sources */,
			);
			runOnlyForDeploymentPostprocessing = 0;
		};
		A91BE9D82198F70900E4BA67 /* Sources */ = {
			isa = PBXSourcesBuildPhase;
			buildActionMask = 2147483647;
			files = (
				A91BE9E12198F70900E4BA67 /* WhoSaidItUITests.swift in Sources */,
			);
			runOnlyForDeploymentPostprocessing = 0;
		};
/* End PBXSourcesBuildPhase section */

/* Begin PBXTargetDependency section */
		A91BE9D32198F70900E4BA67 /* PBXTargetDependency */ = {
			isa = PBXTargetDependency;
			target = A91BE9BC2198F70700E4BA67 /* WhoSaidIt */;
			targetProxy = A91BE9D22198F70900E4BA67 /* PBXContainerItemProxy */;
		};
		A91BE9DE2198F70900E4BA67 /* PBXTargetDependency */ = {
			isa = PBXTargetDependency;
			target = A91BE9BC2198F70700E4BA67 /* WhoSaidIt */;
			targetProxy = A91BE9DD2198F70900E4BA67 /* PBXContainerItemProxy */;
		};
/* End PBXTargetDependency section */

/* Begin PBXVariantGroup section */
		A91BE9C42198F70700E4BA67 /* Main.storyboard */ = {
			isa = PBXVariantGroup;
			children = (
				A91BE9C52198F70700E4BA67 /* Base */,
				A9DAF26321C750FB0010E0F4 /* en */,
			);
			name = Main.storyboard;
			sourceTree = "<group>";
		};
		A91BE9C92198F70900E4BA67 /* LaunchScreen.storyboard */ = {
			isa = PBXVariantGroup;
			children = (
				A91BE9CA2198F70900E4BA67 /* Base */,
			);
			name = LaunchScreen.storyboard;
			sourceTree = "<group>";
		};
/* End PBXVariantGroup section */

/* Begin XCBuildConfiguration section */
		A91BE9E32198F70900E4BA67 /* Debug */ = {
			isa = XCBuildConfiguration;
			buildSettings = {
				ALWAYS_SEARCH_USER_PATHS = NO;
				CLANG_ANALYZER_NONNULL = YES;
				CLANG_ANALYZER_NUMBER_OBJECT_CONVERSION = YES_AGGRESSIVE;
				CLANG_CXX_LANGUAGE_STANDARD = "gnu++14";
				CLANG_CXX_LIBRARY = "libc++";
				CLANG_ENABLE_MODULES = YES;
				CLANG_ENABLE_OBJC_ARC = YES;
				CLANG_ENABLE_OBJC_WEAK = YES;
				CLANG_WARN_BLOCK_CAPTURE_AUTORELEASING = YES;
				CLANG_WARN_BOOL_CONVERSION = YES;
				CLANG_WARN_COMMA = YES;
				CLANG_WARN_CONSTANT_CONVERSION = YES;
				CLANG_WARN_DEPRECATED_OBJC_IMPLEMENTATIONS = YES;
				CLANG_WARN_DIRECT_OBJC_ISA_USAGE = YES_ERROR;
				CLANG_WARN_DOCUMENTATION_COMMENTS = YES;
				CLANG_WARN_EMPTY_BODY = YES;
				CLANG_WARN_ENUM_CONVERSION = YES;
				CLANG_WARN_INFINITE_RECURSION = YES;
				CLANG_WARN_INT_CONVERSION = YES;
				CLANG_WARN_NON_LITERAL_NULL_CONVERSION = YES;
				CLANG_WARN_OBJC_IMPLICIT_RETAIN_SELF = YES;
				CLANG_WARN_OBJC_LITERAL_CONVERSION = YES;
				CLANG_WARN_OBJC_ROOT_CLASS = YES_ERROR;
				CLANG_WARN_RANGE_LOOP_ANALYSIS = YES;
				CLANG_WARN_STRICT_PROTOTYPES = YES;
				CLANG_WARN_SUSPICIOUS_MOVE = YES;
				CLANG_WARN_UNGUARDED_AVAILABILITY = YES_AGGRESSIVE;
				CLANG_WARN_UNREACHABLE_CODE = YES;
				CLANG_WARN__DUPLICATE_METHOD_MATCH = YES;
				CODE_SIGN_IDENTITY = "iPhone Developer";
				COPY_PHASE_STRIP = NO;
				DEBUG_INFORMATION_FORMAT = dwarf;
				ENABLE_STRICT_OBJC_MSGSEND = YES;
				ENABLE_TESTABILITY = YES;
				GCC_C_LANGUAGE_STANDARD = gnu11;
				GCC_DYNAMIC_NO_PIC = NO;
				GCC_NO_COMMON_BLOCKS = YES;
				GCC_OPTIMIZATION_LEVEL = 0;
				GCC_PREPROCESSOR_DEFINITIONS = (
					"DEBUG=1",
					"$(inherited)",
				);
				GCC_WARN_64_TO_32_BIT_CONVERSION = YES;
				GCC_WARN_ABOUT_RETURN_TYPE = YES_ERROR;
				GCC_WARN_UNDECLARED_SELECTOR = YES;
				GCC_WARN_UNINITIALIZED_AUTOS = YES_AGGRESSIVE;
				GCC_WARN_UNUSED_FUNCTION = YES;
				GCC_WARN_UNUSED_VARIABLE = YES;
				IPHONEOS_DEPLOYMENT_TARGET = 12.0;
				MTL_ENABLE_DEBUG_INFO = INCLUDE_SOURCE;
				MTL_FAST_MATH = YES;
				ONLY_ACTIVE_ARCH = YES;
				SDKROOT = iphoneos;
				SWIFT_ACTIVE_COMPILATION_CONDITIONS = DEBUG;
				SWIFT_OPTIMIZATION_LEVEL = "-Onone";
			};
			name = Debug;
		};
		A91BE9E42198F70900E4BA67 /* Release */ = {
			isa = XCBuildConfiguration;
			buildSettings = {
				ALWAYS_SEARCH_USER_PATHS = NO;
				CLANG_ANALYZER_NONNULL = YES;
				CLANG_ANALYZER_NUMBER_OBJECT_CONVERSION = YES_AGGRESSIVE;
				CLANG_CXX_LANGUAGE_STANDARD = "gnu++14";
				CLANG_CXX_LIBRARY = "libc++";
				CLANG_ENABLE_MODULES = YES;
				CLANG_ENABLE_OBJC_ARC = YES;
				CLANG_ENABLE_OBJC_WEAK = YES;
				CLANG_WARN_BLOCK_CAPTURE_AUTORELEASING = YES;
				CLANG_WARN_BOOL_CONVERSION = YES;
				CLANG_WARN_COMMA = YES;
				CLANG_WARN_CONSTANT_CONVERSION = YES;
				CLANG_WARN_DEPRECATED_OBJC_IMPLEMENTATIONS = YES;
				CLANG_WARN_DIRECT_OBJC_ISA_USAGE = YES_ERROR;
				CLANG_WARN_DOCUMENTATION_COMMENTS = YES;
				CLANG_WARN_EMPTY_BODY = YES;
				CLANG_WARN_ENUM_CONVERSION = YES;
				CLANG_WARN_INFINITE_RECURSION = YES;
				CLANG_WARN_INT_CONVERSION = YES;
				CLANG_WARN_NON_LITERAL_NULL_CONVERSION = YES;
				CLANG_WARN_OBJC_IMPLICIT_RETAIN_SELF = YES;
				CLANG_WARN_OBJC_LITERAL_CONVERSION = YES;
				CLANG_WARN_OBJC_ROOT_CLASS = YES_ERROR;
				CLANG_WARN_RANGE_LOOP_ANALYSIS = YES;
				CLANG_WARN_STRICT_PROTOTYPES = YES;
				CLANG_WARN_SUSPICIOUS_MOVE = YES;
				CLANG_WARN_UNGUARDED_AVAILABILITY = YES_AGGRESSIVE;
				CLANG_WARN_UNREACHABLE_CODE = YES;
				CLANG_WARN__DUPLICATE_METHOD_MATCH = YES;
				CODE_SIGN_IDENTITY = "iPhone Developer";
				COPY_PHASE_STRIP = NO;
				DEBUG_INFORMATION_FORMAT = "dwarf-with-dsym";
				ENABLE_NS_ASSERTIONS = NO;
				ENABLE_STRICT_OBJC_MSGSEND = YES;
				GCC_C_LANGUAGE_STANDARD = gnu11;
				GCC_NO_COMMON_BLOCKS = YES;
				GCC_WARN_64_TO_32_BIT_CONVERSION = YES;
				GCC_WARN_ABOUT_RETURN_TYPE = YES_ERROR;
				GCC_WARN_UNDECLARED_SELECTOR = YES;
				GCC_WARN_UNINITIALIZED_AUTOS = YES_AGGRESSIVE;
				GCC_WARN_UNUSED_FUNCTION = YES;
				GCC_WARN_UNUSED_VARIABLE = YES;
				IPHONEOS_DEPLOYMENT_TARGET = 12.0;
				MTL_ENABLE_DEBUG_INFO = NO;
				MTL_FAST_MATH = YES;
				SDKROOT = iphoneos;
				SWIFT_COMPILATION_MODE = wholemodule;
				SWIFT_OPTIMIZATION_LEVEL = "-O";
				VALIDATE_PRODUCT = YES;
			};
			name = Release;
		};
		A91BE9E62198F70900E4BA67 /* Debug */ = {
			isa = XCBuildConfiguration;
			baseConfigurationReference = F8DA92C9121D3648FFF5C358 /* Pods-WhoSaidIt.debug.xcconfig */;
			buildSettings = {
				ASSETCATALOG_COMPILER_APPICON_NAME = AppIcon;
				CODE_SIGN_STYLE = Automatic;
				DEVELOPMENT_TEAM = YFV7YDJ25T;
				INFOPLIST_FILE = WhoSaidIt/Info.plist;
				LD_RUNPATH_SEARCH_PATHS = (
					"$(inherited)",
					"@executable_path/Frameworks",
				);
				PRODUCT_BUNDLE_IDENTIFIER = jakethurman.WhoSaidIt;
				PRODUCT_NAME = "$(TARGET_NAME)";
				SWIFT_OBJC_BRIDGING_HEADER = "WhoSaidIt/Twitter-Bridging-Header.h";
				SWIFT_VERSION = 4.2;
				TARGETED_DEVICE_FAMILY = "1,2";
			};
			name = Debug;
		};
		A91BE9E72198F70900E4BA67 /* Release */ = {
			isa = XCBuildConfiguration;
			baseConfigurationReference = AE5E1C0563729276CD50732E /* Pods-WhoSaidIt.release.xcconfig */;
			buildSettings = {
				ASSETCATALOG_COMPILER_APPICON_NAME = AppIcon;
				CODE_SIGN_STYLE = Automatic;
				DEVELOPMENT_TEAM = YFV7YDJ25T;
				INFOPLIST_FILE = WhoSaidIt/Info.plist;
				LD_RUNPATH_SEARCH_PATHS = (
					"$(inherited)",
					"@executable_path/Frameworks",
				);
				PRODUCT_BUNDLE_IDENTIFIER = jakethurman.WhoSaidIt;
				PRODUCT_NAME = "$(TARGET_NAME)";
				SWIFT_OBJC_BRIDGING_HEADER = "WhoSaidIt/Twitter-Bridging-Header.h";
				SWIFT_VERSION = 4.2;
				TARGETED_DEVICE_FAMILY = "1,2";
			};
			name = Release;
		};
		A91BE9E92198F70900E4BA67 /* Debug */ = {
			isa = XCBuildConfiguration;
			baseConfigurationReference = 6029F9BE04C2AB5939F5A99F /* Pods-WhoSaidItTests.debug.xcconfig */;
			buildSettings = {
				ALWAYS_EMBED_SWIFT_STANDARD_LIBRARIES = YES;
				BUNDLE_LOADER = "$(TEST_HOST)";
				CODE_SIGN_STYLE = Automatic;
				INFOPLIST_FILE = WhoSaidItTests/Info.plist;
				LD_RUNPATH_SEARCH_PATHS = (
					"$(inherited)",
					"@executable_path/Frameworks",
					"@loader_path/Frameworks",
				);
				PRODUCT_BUNDLE_IDENTIFIER = jakethurman.WhoSaidItTests;
				PRODUCT_NAME = "$(TARGET_NAME)";
				SWIFT_VERSION = 4.2;
				TARGETED_DEVICE_FAMILY = "1,2";
				TEST_HOST = "$(BUILT_PRODUCTS_DIR)/WhoSaidIt.app/WhoSaidIt";
			};
			name = Debug;
		};
		A91BE9EA2198F70900E4BA67 /* Release */ = {
			isa = XCBuildConfiguration;
			baseConfigurationReference = 67B88E5C5794156E99A0E889 /* Pods-WhoSaidItTests.release.xcconfig */;
			buildSettings = {
				ALWAYS_EMBED_SWIFT_STANDARD_LIBRARIES = YES;
				BUNDLE_LOADER = "$(TEST_HOST)";
				CODE_SIGN_STYLE = Automatic;
				INFOPLIST_FILE = WhoSaidItTests/Info.plist;
				LD_RUNPATH_SEARCH_PATHS = (
					"$(inherited)",
					"@executable_path/Frameworks",
					"@loader_path/Frameworks",
				);
				PRODUCT_BUNDLE_IDENTIFIER = jakethurman.WhoSaidItTests;
				PRODUCT_NAME = "$(TARGET_NAME)";
				SWIFT_VERSION = 4.2;
				TARGETED_DEVICE_FAMILY = "1,2";
				TEST_HOST = "$(BUILT_PRODUCTS_DIR)/WhoSaidIt.app/WhoSaidIt";
			};
			name = Release;
		};
		A91BE9EC2198F70900E4BA67 /* Debug */ = {
			isa = XCBuildConfiguration;
			baseConfigurationReference = 3972432C259CFE113FAF3D6A /* Pods-WhoSaidItUITests.debug.xcconfig */;
			buildSettings = {
				ALWAYS_EMBED_SWIFT_STANDARD_LIBRARIES = YES;
				CODE_SIGN_STYLE = Automatic;
				INFOPLIST_FILE = WhoSaidItUITests/Info.plist;
				LD_RUNPATH_SEARCH_PATHS = (
					"$(inherited)",
					"@executable_path/Frameworks",
					"@loader_path/Frameworks",
				);
				PRODUCT_BUNDLE_IDENTIFIER = jakethurman.WhoSaidItUITests;
				PRODUCT_NAME = "$(TARGET_NAME)";
				SWIFT_VERSION = 4.2;
				TARGETED_DEVICE_FAMILY = "1,2";
				TEST_TARGET_NAME = WhoSaidIt;
			};
			name = Debug;
		};
		A91BE9ED2198F70900E4BA67 /* Release */ = {
			isa = XCBuildConfiguration;
			baseConfigurationReference = FF12304CE0E9DA752F48EC4A /* Pods-WhoSaidItUITests.release.xcconfig */;
			buildSettings = {
				ALWAYS_EMBED_SWIFT_STANDARD_LIBRARIES = YES;
				CODE_SIGN_STYLE = Automatic;
				INFOPLIST_FILE = WhoSaidItUITests/Info.plist;
				LD_RUNPATH_SEARCH_PATHS = (
					"$(inherited)",
					"@executable_path/Frameworks",
					"@loader_path/Frameworks",
				);
				PRODUCT_BUNDLE_IDENTIFIER = jakethurman.WhoSaidItUITests;
				PRODUCT_NAME = "$(TARGET_NAME)";
				SWIFT_VERSION = 4.2;
				TARGETED_DEVICE_FAMILY = "1,2";
				TEST_TARGET_NAME = WhoSaidIt;
			};
			name = Release;
		};
/* End XCBuildConfiguration section */

/* Begin XCConfigurationList section */
		A91BE9B82198F70700E4BA67 /* Build configuration list for PBXProject "WhoSaidIt" */ = {
			isa = XCConfigurationList;
			buildConfigurations = (
				A91BE9E32198F70900E4BA67 /* Debug */,
				A91BE9E42198F70900E4BA67 /* Release */,
			);
			defaultConfigurationIsVisible = 0;
			defaultConfigurationName = Release;
		};
		A91BE9E52198F70900E4BA67 /* Build configuration list for PBXNativeTarget "WhoSaidIt" */ = {
			isa = XCConfigurationList;
			buildConfigurations = (
				A91BE9E62198F70900E4BA67 /* Debug */,
				A91BE9E72198F70900E4BA67 /* Release */,
			);
			defaultConfigurationIsVisible = 0;
			defaultConfigurationName = Release;
		};
		A91BE9E82198F70900E4BA67 /* Build configuration list for PBXNativeTarget "WhoSaidItTests" */ = {
			isa = XCConfigurationList;
			buildConfigurations = (
				A91BE9E92198F70900E4BA67 /* Debug */,
				A91BE9EA2198F70900E4BA67 /* Release */,
			);
			defaultConfigurationIsVisible = 0;
			defaultConfigurationName = Release;
		};
		A91BE9EB2198F70900E4BA67 /* Build configuration list for PBXNativeTarget "WhoSaidItUITests" */ = {
			isa = XCConfigurationList;
			buildConfigurations = (
				A91BE9EC2198F70900E4BA67 /* Debug */,
				A91BE9ED2198F70900E4BA67 /* Release */,
			);
			defaultConfigurationIsVisible = 0;
			defaultConfigurationName = Release;
		};
/* End XCConfigurationList section */
	};
	rootObject = A91BE9B52198F70700E4BA67 /* Project object */;
}
