// !$*UTF8*$!
{
	archiveVersion = 1;
	classes = {
	};
	objectVersion = 50;
	objects = {

/* Begin PBXBuildFile section */
		A91BE9C12198F70700E4BA67 /* AppDelegate.swift in Sources */ = {isa = PBXBuildFile; fileRef = A91BE9C02198F70700E4BA67 /* AppDelegate.swift */; };
		A91BE9C32198F70700E4BA67 /* ViewController.swift in Sources */ = {isa = PBXBuildFile; fileRef = A91BE9C22198F70700E4BA67 /* ViewController.swift */; };
		A91BE9C62198F70700E4BA67 /* Main.storyboard in Resources */ = {isa = PBXBuildFile; fileRef = A91BE9C42198F70700E4BA67 /* Main.storyboard */; };
		A91BE9C82198F70900E4BA67 /* Assets.xcassets in Resources */ = {isa = PBXBuildFile; fileRef = A91BE9C72198F70900E4BA67 /* Assets.xcassets */; };
		A91BE9CB2198F70900E4BA67 /* LaunchScreen.storyboard in Resources */ = {isa = PBXBuildFile; fileRef = A91BE9C92198F70900E4BA67 /* LaunchScreen.storyboard */; };
		A91BE9D62198F70900E4BA67 /* WhoSaidItTests.swift in Sources */ = {isa = PBXBuildFile; fileRef = A91BE9D52198F70900E4BA67 /* WhoSaidItTests.swift */; };
		A91BE9E12198F70900E4BA67 /* WhoSaidItUITests.swift in Sources */ = {isa = PBXBuildFile; fileRef = A91BE9E02198F70900E4BA67 /* WhoSaidItUITests.swift */; };
		A91BE9F12198FA8900E4BA67 /* SettingsVC.swift in Sources */ = {isa = PBXBuildFile; fileRef = A91BE9F02198FA8900E4BA67 /* SettingsVC.swift */; };
		A91BE9F52198FB0C00E4BA67 /* LeaderboardVC.swift in Sources */ = {isa = PBXBuildFile; fileRef = A91BE9F42198FB0C00E4BA67 /* LeaderboardVC.swift */; };
		A91BE9F72198FB4300E4BA67 /* GameVC.swift in Sources */ = {isa = PBXBuildFile; fileRef = A91BE9F62198FB4300E4BA67 /* GameVC.swift */; };
		A91BE9F92198FE1800E4BA67 /* StartGameVC.swift in Sources */ = {isa = PBXBuildFile; fileRef = A91BE9F82198FE1800E4BA67 /* StartGameVC.swift */; };
/* End PBXBuildFile section */

/* Begin PBXContainerItemProxy section */
		A91BE9D22198F70900E4BA67 /* PBXContainerItemProxy */ = {
			isa = PBXContainerItemProxy;
			containerPortal = A91BE9B52198F70700E4BA67 /* Project object */;
			proxyType = 1;
			remoteGlobalIDString = A91BE9BC2198F70700E4BA67;
			remoteInfo = WhoSaidIt;
		};
		A91BE9DD2198F70900E4BA67 /* PBXContainerItemProxy */ = {
			isa = PBXContainerItemProxy;
			containerPortal = A91BE9B52198F70700E4BA67 /* Project object */;
			proxyType = 1;
			remoteGlobalIDString = A91BE9BC2198F70700E4BA67;
			remoteInfo = WhoSaidIt;
		};
/* End PBXContainerItemProxy section */

/* Begin PBXFileReference section */
		A91BE9BD2198F70700E4BA67 /* WhoSaidIt.app */ = {isa = PBXFileReference; explicitFileType = wrapper.application; includeInIndex = 0; path = WhoSaidIt.app; sourceTree = BUILT_PRODUCTS_DIR; };
		A91BE9C02198F70700E4BA67 /* AppDelegate.swift */ = {isa = PBXFileReference; lastKnownFileType = sourcecode.swift; path = AppDelegate.swift; sourceTree = "<group>"; };
		A91BE9C22198F70700E4BA67 /* ViewController.swift */ = {isa = PBXFileReference; lastKnownFileType = sourcecode.swift; path = ViewController.swift; sourceTree = "<group>"; };
		A91BE9C52198F70700E4BA67 /* Base */ = {isa = PBXFileReference; lastKnownFileType = file.storyboard; name = Base; path = Base.lproj/Main.storyboard; sourceTree = "<group>"; };
		A91BE9C72198F70900E4BA67 /* Assets.xcassets */ = {isa = PBXFileReference; lastKnownFileType = folder.assetcatalog; path = Assets.xcassets; sourceTree = "<group>"; };
		A91BE9CA2198F70900E4BA67 /* Base */ = {isa = PBXFileReference; lastKnownFileType = file.storyboard; name = Base; path = Base.lproj/LaunchScreen.storyboard; sourceTree = "<group>"; };
		A91BE9CC2198F70900E4BA67 /* Info.plist */ = {isa = PBXFileReference; lastKnownFileType = text.plist.xml; path = Info.plist; sourceTree = "<group>"; };
		A91BE9D12198F70900E4BA67 /* WhoSaidItTests.xctest */ = {isa = PBXFileReference; explicitFileType = wrapper.cfbundle; includeInIndex = 0; path = WhoSaidItTests.xctest; sourceTree = BUILT_PRODUCTS_DIR; };
		A91BE9D52198F70900E4BA67 /* WhoSaidItTests.swift */ = {isa = PBXFileReference; lastKnownFileType = sourcecode.swift; path = WhoSaidItTests.swift; sourceTree = "<group>"; };
		A91BE9D72198F70900E4BA67 /* Info.plist */ = {isa = PBXFileReference; lastKnownFileType = text.plist.xml; path = Info.plist; sourceTree = "<group>"; };
		A91BE9DC2198F70900E4BA67 /* WhoSaidItUITests.xctest */ = {isa = PBXFileReference; explicitFileType = wrapper.cfbundle; includeInIndex = 0; path = WhoSaidItUITests.xctest; sourceTree = BUILT_PRODUCTS_DIR; };
		A91BE9E02198F70900E4BA67 /* WhoSaidItUITests.swift */ = {isa = PBXFileReference; lastKnownFileType = sourcecode.swift; path = WhoSaidItUITests.swift; sourceTree = "<group>"; };
		A91BE9E22198F70900E4BA67 /* Info.plist */ = {isa = PBXFileReference; lastKnownFileType = text.plist.xml; path = Info.plist; sourceTree = "<group>"; };
		A91BE9F02198FA8900E4BA67 /* SettingsVC.swift */ = {isa = PBXFileReference; lastKnownFileType = sourcecode.swift; path = SettingsVC.swift; sourceTree = "<group>"; };
		A91BE9F42198FB0C00E4BA67 /* LeaderboardVC.swift */ = {isa = PBXFileReference; lastKnownFileType = sourcecode.swift; path = LeaderboardVC.swift; sourceTree = "<group>"; };
		A91BE9F62198FB4300E4BA67 /* GameVC.swift */ = {isa = PBXFileReference; lastKnownFileType = sourcecode.swift; path = GameVC.swift; sourceTree = "<group>"; };
		A91BE9F82198FE1800E4BA67 /* StartGameVC.swift */ = {isa = PBXFileReference; lastKnownFileType = sourcecode.swift; path = StartGameVC.swift; sourceTree = "<group>"; };
/* End PBXFileReference section */

/* Begin PBXFrameworksBuildPhase section */
		A91BE9BA2198F70700E4BA67 /* Frameworks */ = {
			isa = PBXFrameworksBuildPhase;
			buildActionMask = 2147483647;
			files = (
			);
			runOnlyForDeploymentPostprocessing = 0;
		};
		A91BE9CE2198F70900E4BA67 /* Frameworks */ = {
			isa = PBXFrameworksBuildPhase;
			buildActionMask = 2147483647;
			files = (
			);
			runOnlyForDeploymentPostprocessing = 0;
		};
		A91BE9D92198F70900E4BA67 /* Frameworks */ = {
			isa = PBXFrameworksBuildPhase;
			buildActionMask = 2147483647;
			files = (
			);
			runOnlyForDeploymentPostprocessing = 0;
		};
/* End PBXFrameworksBuildPhase section */

/* Begin PBXGroup section */
		A91BE9B42198F70700E4BA67 = {
			isa = PBXGroup;
			children = (
				A91BE9BF2198F70700E4BA67 /* WhoSaidIt */,
				A91BE9D42198F70900E4BA67 /* WhoSaidItTests */,
				A91BE9DF2198F70900E4BA67 /* WhoSaidItUITests */,
				A91BE9BE2198F70700E4BA67 /* Products */,
			);
			sourceTree = "<group>";
		};
		A91BE9BE2198F70700E4BA67 /* Products */ = {
			isa = PBXGroup;
			children = (
				A91BE9BD2198F70700E4BA67 /* WhoSaidIt.app */,
				A91BE9D12198F70900E4BA67 /* WhoSaidItTests.xctest */,
				A91BE9DC2198F70900E4BA67 /* WhoSaidItUITests.xctest */,
			);
			name = Products;
			sourceTree = "<group>";
		};
		A91BE9BF2198F70700E4BA67 /* WhoSaidIt */ = {
			isa = PBXGroup;
			children = (
				A91BE9C02198F70700E4BA67 /* AppDelegate.swift */,
				A91BE9C22198F70700E4BA67 /* ViewController.swift */,
				A91BE9C42198F70700E4BA67 /* Main.storyboard */,
				A91BE9F82198FE1800E4BA67 /* StartGameVC.swift */,
				A91BE9F62198FB4300E4BA67 /* GameVC.swift */,
				A91BE9F02198FA8900E4BA67 /* SettingsVC.swift */,
				A91BE9F42198FB0C00E4BA67 /* LeaderboardVC.swift */,
				A91BE9C72198F70900E4BA67 /* Assets.xcassets */,
				A91BE9C92198F70900E4BA67 /* LaunchScreen.storyboard */,
				A91BE9CC2198F70900E4BA67 /* Info.plist */,
			);
			path = WhoSaidIt;
			sourceTree = "<group>";
		};
		A91BE9D42198F70900E4BA67 /* WhoSaidItTests */ = {
			isa = PBXGroup;
			children = (
				A91BE9D52198F70900E4BA67 /* WhoSaidItTests.swift */,
				A91BE9D72198F70900E4BA67 /* Info.plist */,
			);
			path = WhoSaidItTests;
			sourceTree = "<group>";
		};
		A91BE9DF2198F70900E4BA67 /* WhoSaidItUITests */ = {
			isa = PBXGroup;
			children = (
				A91BE9E02198F70900E4BA67 /* WhoSaidItUITests.swift */,
				A91BE9E22198F70900E4BA67 /* Info.plist */,
			);
			path = WhoSaidItUITests;
			sourceTree = "<group>";
		};
/* End PBXGroup section */

/* Begin PBXNativeTarget section */
		A91BE9BC2198F70700E4BA67 /* WhoSaidIt */ = {
			isa = PBXNativeTarget;
			buildConfigurationList = A91BE9E52198F70900E4BA67 /* Build configuration list for PBXNativeTarget "WhoSaidIt" */;
			buildPhases = (
				A91BE9B92198F70700E4BA67 /* Sources */,
				A91BE9BA2198F70700E4BA67 /* Frameworks */,
				A91BE9BB2198F70700E4BA67 /* Resources */,
			);
			buildRules = (
			);
			dependencies = (
			);
			name = WhoSaidIt;
			productName = WhoSaidIt;
			productReference = A91BE9BD2198F70700E4BA67 /* WhoSaidIt.app */;
			productType = "com.apple.product-type.application";
		};
		A91BE9D02198F70900E4BA67 /* WhoSaidItTests */ = {
			isa = PBXNativeTarget;
			buildConfigurationList = A91BE9E82198F70900E4BA67 /* Build configuration list for PBXNativeTarget "WhoSaidItTests" */;
			buildPhases = (
				A91BE9CD2198F70900E4BA67 /* Sources */,
				A91BE9CE2198F70900E4BA67 /* Frameworks */,
				A91BE9CF2198F70900E4BA67 /* Resources */,
			);
			buildRules = (
			);
			dependencies = (
				A91BE9D32198F70900E4BA67 /* PBXTargetDependency */,
			);
			name = WhoSaidItTests;
			productName = WhoSaidItTests;
			productReference = A91BE9D12198F70900E4BA67 /* WhoSaidItTests.xctest */;
			productType = "com.apple.product-type.bundle.unit-test";
		};
		A91BE9DB2198F70900E4BA67 /* WhoSaidItUITests */ = {
			isa = PBXNativeTarget;
			buildConfigurationList = A91BE9EB2198F70900E4BA67 /* Build configuration list for PBXNativeTarget "WhoSaidItUITests" */;
			buildPhases = (
				A91BE9D82198F70900E4BA67 /* Sources */,
				A91BE9D92198F70900E4BA67 /* Frameworks */,
				A91BE9DA2198F70900E4BA67 /* Resources */,
			);
			buildRules = (
			);
			dependencies = (
				A91BE9DE2198F70900E4BA67 /* PBXTargetDependency */,
			);
			name = WhoSaidItUITests;
			productName = WhoSaidItUITests;
			productReference = A91BE9DC2198F70900E4BA67 /* WhoSaidItUITests.xctest */;
			productType = "com.apple.product-type.bundle.ui-testing";
		};
/* End PBXNativeTarget section */

/* Begin PBXProject section */
		A91BE9B52198F70700E4BA67 /* Project object */ = {
			isa = PBXProject;
			attributes = {
				LastSwiftUpdateCheck = 1000;
				LastUpgradeCheck = 1000;
				ORGANIZATIONNAME = TGS;
				TargetAttributes = {
					A91BE9BC2198F70700E4BA67 = {
						CreatedOnToolsVersion = 10.0;
					};
					A91BE9D02198F70900E4BA67 = {
						CreatedOnToolsVersion = 10.0;
						TestTargetID = A91BE9BC2198F70700E4BA67;
					};
					A91BE9DB2198F70900E4BA67 = {
						CreatedOnToolsVersion = 10.0;
						TestTargetID = A91BE9BC2198F70700E4BA67;
					};
				};
			};
			buildConfigurationList = A91BE9B82198F70700E4BA67 /* Build configuration list for PBXProject "WhoSaidIt" */;
			compatibilityVersion = "Xcode 9.3";
			developmentRegion = en;
			hasScannedForEncodings = 0;
			knownRegions = (
				en,
				Base,
			);
			mainGroup = A91BE9B42198F70700E4BA67;
			productRefGroup = A91BE9BE2198F70700E4BA67 /* Products */;
			projectDirPath = "";
			projectRoot = "";
			targets = (
				A91BE9BC2198F70700E4BA67 /* WhoSaidIt */,
				A91BE9D02198F70900E4BA67 /* WhoSaidItTests */,
				A91BE9DB2198F70900E4BA67 /* WhoSaidItUITests */,
			);
		};
/* End PBXProject section */

/* Begin PBXResourcesBuildPhase section */
		A91BE9BB2198F70700E4BA67 /* Resources */ = {
			isa = PBXResourcesBuildPhase;
			buildActionMask = 2147483647;
			files = (
				A91BE9CB2198F70900E4BA67 /* LaunchScreen.storyboard in Resources */,
				A91BE9C82198F70900E4BA67 /* Assets.xcassets in Resources */,
				A91BE9C62198F70700E4BA67 /* Main.storyboard in Resources */,
			);
			runOnlyForDeploymentPostprocessing = 0;
		};
		A91BE9CF2198F70900E4BA67 /* Resources */ = {
			isa = PBXResourcesBuildPhase;
			buildActionMask = 2147483647;
			files = (
			);
			runOnlyForDeploymentPostprocessing = 0;
		};
		A91BE9DA2198F70900E4BA67 /* Resources */ = {
			isa = PBXResourcesBuildPhase;
			buildActionMask = 2147483647;
			files = (
			);
			runOnlyForDeploymentPostprocessing = 0;
		};
/* End PBXResourcesBuildPhase section */

/* Begin PBXSourcesBuildPhase section */
		A91BE9B92198F70700E4BA67 /* Sources */ = {
			isa = PBXSourcesBuildPhase;
			buildActionMask = 2147483647;
			files = (
				A91BE9F52198FB0C00E4BA67 /* LeaderboardVC.swift in Sources */,
				A91BE9F92198FE1800E4BA67 /* StartGameVC.swift in Sources */,
				A91BE9C32198F70700E4BA67 /* ViewController.swift in Sources */,
				A91BE9C12198F70700E4BA67 /* AppDelegate.swift in Sources */,
				A91BE9F72198FB4300E4BA67 /* GameVC.swift in Sources */,
				A91BE9F12198FA8900E4BA67 /* SettingsVC.swift in Sources */,
			);
			runOnlyForDeploymentPostprocessing = 0;
		};
		A91BE9CD2198F70900E4BA67 /* Sources */ = {
			isa = PBXSourcesBuildPhase;
			buildActionMask = 2147483647;
			files = (
				A91BE9D62198F70900E4BA67 /* WhoSaidItTests.swift in Sources */,
			);
			runOnlyForDeploymentPostprocessing = 0;
		};
		A91BE9D82198F70900E4BA67 /* Sources */ = {
			isa = PBXSourcesBuildPhase;
			buildActionMask = 2147483647;
			files = (
				A91BE9E12198F70900E4BA67 /* WhoSaidItUITests.swift in Sources */,
			);
			runOnlyForDeploymentPostprocessing = 0;
		};
/* End PBXSourcesBuildPhase section */

/* Begin PBXTargetDependency section */
		A91BE9D32198F70900E4BA67 /* PBXTargetDependency */ = {
			isa = PBXTargetDependency;
			target = A91BE9BC2198F70700E4BA67 /* WhoSaidIt */;
			targetProxy = A91BE9D22198F70900E4BA67 /* PBXContainerItemProxy */;
		};
		A91BE9DE2198F70900E4BA67 /* PBXTargetDependency */ = {
			isa = PBXTargetDependency;
			target = A91BE9BC2198F70700E4BA67 /* WhoSaidIt */;
			targetProxy = A91BE9DD2198F70900E4BA67 /* PBXContainerItemProxy */;
		};
/* End PBXTargetDependency section */

/* Begin PBXVariantGroup section */
		A91BE9C42198F70700E4BA67 /* Main.storyboard */ = {
			isa = PBXVariantGroup;
			children = (
				A91BE9C52198F70700E4BA67 /* Base */,
			);
			name = Main.storyboard;
			sourceTree = "<group>";
		};
		A91BE9C92198F70900E4BA67 /* LaunchScreen.storyboard */ = {
			isa = PBXVariantGroup;
			children = (
				A91BE9CA2198F70900E4BA67 /* Base */,
			);
			name = LaunchScreen.storyboard;
			sourceTree = "<group>";
		};
/* End PBXVariantGroup section */

/* Begin XCBuildConfiguration section */
		A91BE9E32198F70900E4BA67 /* Debug */ = {
			isa = XCBuildConfiguration;
			buildSettings = {
				ALWAYS_SEARCH_USER_PATHS = NO;
				CLANG_ANALYZER_NONNULL = YES;
				CLANG_ANALYZER_NUMBER_OBJECT_CONVERSION = YES_AGGRESSIVE;
				CLANG_CXX_LANGUAGE_STANDARD = "gnu++14";
				CLANG_CXX_LIBRARY = "libc++";
				CLANG_ENABLE_MODULES = YES;
				CLANG_ENABLE_OBJC_ARC = YES;
				CLANG_ENABLE_OBJC_WEAK = YES;
				CLANG_WARN_BLOCK_CAPTURE_AUTORELEASING = YES;
				CLANG_WARN_BOOL_CONVERSION = YES;
				CLANG_WARN_COMMA = YES;
				CLANG_WARN_CONSTANT_CONVERSION = YES;
				CLANG_WARN_DEPRECATED_OBJC_IMPLEMENTATIONS = YES;
				CLANG_WARN_DIRECT_OBJC_ISA_USAGE = YES_ERROR;
				CLANG_WARN_DOCUMENTATION_COMMENTS = YES;
				CLANG_WARN_EMPTY_BODY = YES;
				CLANG_WARN_ENUM_CONVERSION = YES;
				CLANG_WARN_INFINITE_RECURSION = YES;
				CLANG_WARN_INT_CONVERSION = YES;
				CLANG_WARN_NON_LITERAL_NULL_CONVERSION = YES;
				CLANG_WARN_OBJC_IMPLICIT_RETAIN_SELF = YES;
				CLANG_WARN_OBJC_LITERAL_CONVERSION = YES;
				CLANG_WARN_OBJC_ROOT_CLASS = YES_ERROR;
				CLANG_WARN_RANGE_LOOP_ANALYSIS = YES;
				CLANG_WARN_STRICT_PROTOTYPES = YES;
				CLANG_WARN_SUSPICIOUS_MOVE = YES;
				CLANG_WARN_UNGUARDED_AVAILABILITY = YES_AGGRESSIVE;
				CLANG_WARN_UNREACHABLE_CODE = YES;
				CLANG_WARN__DUPLICATE_METHOD_MATCH = YES;
				CODE_SIGN_IDENTITY = "iPhone Developer";
				COPY_PHASE_STRIP = NO;
				DEBUG_INFORMATION_FORMAT = dwarf;
				ENABLE_STRICT_OBJC_MSGSEND = YES;
				ENABLE_TESTABILITY = YES;
				GCC_C_LANGUAGE_STANDARD = gnu11;
				GCC_DYNAMIC_NO_PIC = NO;
				GCC_NO_COMMON_BLOCKS = YES;
				GCC_OPTIMIZATION_LEVEL = 0;
				GCC_PREPROCESSOR_DEFINITIONS = (
					"DEBUG=1",
					"$(inherited)",
				);
				GCC_WARN_64_TO_32_BIT_CONVERSION = YES;
				GCC_WARN_ABOUT_RETURN_TYPE = YES_ERROR;
				GCC_WARN_UNDECLARED_SELECTOR = YES;
				GCC_WARN_UNINITIALIZED_AUTOS = YES_AGGRESSIVE;
				GCC_WARN_UNUSED_FUNCTION = YES;
				GCC_WARN_UNUSED_VARIABLE = YES;
				IPHONEOS_DEPLOYMENT_TARGET = 12.0;
				MTL_ENABLE_DEBUG_INFO = INCLUDE_SOURCE;
				MTL_FAST_MATH = YES;
				ONLY_ACTIVE_ARCH = YES;
				SDKROOT = iphoneos;
				SWIFT_ACTIVE_COMPILATION_CONDITIONS = DEBUG;
				SWIFT_OPTIMIZATION_LEVEL = "-Onone";
			};
			name = Debug;
		};
		A91BE9E42198F70900E4BA67 /* Release */ = {
			isa = XCBuildConfiguration;
			buildSettings = {
				ALWAYS_SEARCH_USER_PATHS = NO;
				CLANG_ANALYZER_NONNULL = YES;
				CLANG_ANALYZER_NUMBER_OBJECT_CONVERSION = YES_AGGRESSIVE;
				CLANG_CXX_LANGUAGE_STANDARD = "gnu++14";
				CLANG_CXX_LIBRARY = "libc++";
				CLANG_ENABLE_MODULES = YES;
				CLANG_ENABLE_OBJC_ARC = YES;
				CLANG_ENABLE_OBJC_WEAK = YES;
				CLANG_WARN_BLOCK_CAPTURE_AUTORELEASING = YES;
				CLANG_WARN_BOOL_CONVERSION = YES;
				CLANG_WARN_COMMA = YES;
				CLANG_WARN_CONSTANT_CONVERSION = YES;
				CLANG_WARN_DEPRECATED_OBJC_IMPLEMENTATIONS = YES;
				CLANG_WARN_DIRECT_OBJC_ISA_USAGE = YES_ERROR;
				CLANG_WARN_DOCUMENTATION_COMMENTS = YES;
				CLANG_WARN_EMPTY_BODY = YES;
				CLANG_WARN_ENUM_CONVERSION = YES;
				CLANG_WARN_INFINITE_RECURSION = YES;
				CLANG_WARN_INT_CONVERSION = YES;
				CLANG_WARN_NON_LITERAL_NULL_CONVERSION = YES;
				CLANG_WARN_OBJC_IMPLICIT_RETAIN_SELF = YES;
				CLANG_WARN_OBJC_LITERAL_CONVERSION = YES;
				CLANG_WARN_OBJC_ROOT_CLASS = YES_ERROR;
				CLANG_WARN_RANGE_LOOP_ANALYSIS = YES;
				CLANG_WARN_STRICT_PROTOTYPES = YES;
				CLANG_WARN_SUSPICIOUS_MOVE = YES;
				CLANG_WARN_UNGUARDED_AVAILABILITY = YES_AGGRESSIVE;
				CLANG_WARN_UNREACHABLE_CODE = YES;
				CLANG_WARN__DUPLICATE_METHOD_MATCH = YES;
				CODE_SIGN_IDENTITY = "iPhone Developer";
				COPY_PHASE_STRIP = NO;
				DEBUG_INFORMATION_FORMAT = "dwarf-with-dsym";
				ENABLE_NS_ASSERTIONS = NO;
				ENABLE_STRICT_OBJC_MSGSEND = YES;
				GCC_C_LANGUAGE_STANDARD = gnu11;
				GCC_NO_COMMON_BLOCKS = YES;
				GCC_WARN_64_TO_32_BIT_CONVERSION = YES;
				GCC_WARN_ABOUT_RETURN_TYPE = YES_ERROR;
				GCC_WARN_UNDECLARED_SELECTOR = YES;
				GCC_WARN_UNINITIALIZED_AUTOS = YES_AGGRESSIVE;
				GCC_WARN_UNUSED_FUNCTION = YES;
				GCC_WARN_UNUSED_VARIABLE = YES;
				IPHONEOS_DEPLOYMENT_TARGET = 12.0;
				MTL_ENABLE_DEBUG_INFO = NO;
				MTL_FAST_MATH = YES;
				SDKROOT = iphoneos;
				SWIFT_COMPILATION_MODE = wholemodule;
				SWIFT_OPTIMIZATION_LEVEL = "-O";
				VALIDATE_PRODUCT = YES;
			};
			name = Release;
		};
		A91BE9E62198F70900E4BA67 /* Debug */ = {
			isa = XCBuildConfiguration;
			buildSettings = {
				ASSETCATALOG_COMPILER_APPICON_NAME = AppIcon;
				CODE_SIGN_STYLE = Automatic;
				INFOPLIST_FILE = WhoSaidIt/Info.plist;
				LD_RUNPATH_SEARCH_PATHS = (
					"$(inherited)",
					"@executable_path/Frameworks",
				);
				PRODUCT_BUNDLE_IDENTIFIER = jakethurman.WhoSaidIt;
				PRODUCT_NAME = "$(TARGET_NAME)";
				SWIFT_VERSION = 4.2;
				TARGETED_DEVICE_FAMILY = "1,2";
			};
			name = Debug;
		};
		A91BE9E72198F70900E4BA67 /* Release */ = {
			isa = XCBuildConfiguration;
			buildSettings = {
				ASSETCATALOG_COMPILER_APPICON_NAME = AppIcon;
				CODE_SIGN_STYLE = Automatic;
				INFOPLIST_FILE = WhoSaidIt/Info.plist;
				LD_RUNPATH_SEARCH_PATHS = (
					"$(inherited)",
					"@executable_path/Frameworks",
				);
				PRODUCT_BUNDLE_IDENTIFIER = jakethurman.WhoSaidIt;
				PRODUCT_NAME = "$(TARGET_NAME)";
				SWIFT_VERSION = 4.2;
				TARGETED_DEVICE_FAMILY = "1,2";
			};
			name = Release;
		};
		A91BE9E92198F70900E4BA67 /* Debug */ = {
			isa = XCBuildConfiguration;
			buildSettings = {
				ALWAYS_EMBED_SWIFT_STANDARD_LIBRARIES = YES;
				BUNDLE_LOADER = "$(TEST_HOST)";
				CODE_SIGN_STYLE = Automatic;
				INFOPLIST_FILE = WhoSaidItTests/Info.plist;
				LD_RUNPATH_SEARCH_PATHS = (
					"$(inherited)",
					"@executable_path/Frameworks",
					"@loader_path/Frameworks",
				);
				PRODUCT_BUNDLE_IDENTIFIER = jakethurman.WhoSaidItTests;
				PRODUCT_NAME = "$(TARGET_NAME)";
				SWIFT_VERSION = 4.2;
				TARGETED_DEVICE_FAMILY = "1,2";
				TEST_HOST = "$(BUILT_PRODUCTS_DIR)/WhoSaidIt.app/WhoSaidIt";
			};
			name = Debug;
		};
		A91BE9EA2198F70900E4BA67 /* Release */ = {
			isa = XCBuildConfiguration;
			buildSettings = {
				ALWAYS_EMBED_SWIFT_STANDARD_LIBRARIES = YES;
				BUNDLE_LOADER = "$(TEST_HOST)";
				CODE_SIGN_STYLE = Automatic;
				INFOPLIST_FILE = WhoSaidItTests/Info.plist;
				LD_RUNPATH_SEARCH_PATHS = (
					"$(inherited)",
					"@executable_path/Frameworks",
					"@loader_path/Frameworks",
				);
				PRODUCT_BUNDLE_IDENTIFIER = jakethurman.WhoSaidItTests;
				PRODUCT_NAME = "$(TARGET_NAME)";
				SWIFT_VERSION = 4.2;
				TARGETED_DEVICE_FAMILY = "1,2";
				TEST_HOST = "$(BUILT_PRODUCTS_DIR)/WhoSaidIt.app/WhoSaidIt";
			};
			name = Release;
		};
		A91BE9EC2198F70900E4BA67 /* Debug */ = {
			isa = XCBuildConfiguration;
			buildSettings = {
				ALWAYS_EMBED_SWIFT_STANDARD_LIBRARIES = YES;
				CODE_SIGN_STYLE = Automatic;
				INFOPLIST_FILE = WhoSaidItUITests/Info.plist;
				LD_RUNPATH_SEARCH_PATHS = (
					"$(inherited)",
					"@executable_path/Frameworks",
					"@loader_path/Frameworks",
				);
				PRODUCT_BUNDLE_IDENTIFIER = jakethurman.WhoSaidItUITests;
				PRODUCT_NAME = "$(TARGET_NAME)";
				SWIFT_VERSION = 4.2;
				TARGETED_DEVICE_FAMILY = "1,2";
				TEST_TARGET_NAME = WhoSaidIt;
			};
			name = Debug;
		};
		A91BE9ED2198F70900E4BA67 /* Release */ = {
			isa = XCBuildConfiguration;
			buildSettings = {
				ALWAYS_EMBED_SWIFT_STANDARD_LIBRARIES = YES;
				CODE_SIGN_STYLE = Automatic;
				INFOPLIST_FILE = WhoSaidItUITests/Info.plist;
				LD_RUNPATH_SEARCH_PATHS = (
					"$(inherited)",
					"@executable_path/Frameworks",
					"@loader_path/Frameworks",
				);
				PRODUCT_BUNDLE_IDENTIFIER = jakethurman.WhoSaidItUITests;
				PRODUCT_NAME = "$(TARGET_NAME)";
				SWIFT_VERSION = 4.2;
				TARGETED_DEVICE_FAMILY = "1,2";
				TEST_TARGET_NAME = WhoSaidIt;
			};
			name = Release;
		};
/* End XCBuildConfiguration section */

/* Begin XCConfigurationList section */
		A91BE9B82198F70700E4BA67 /* Build configuration list for PBXProject "WhoSaidIt" */ = {
			isa = XCConfigurationList;
			buildConfigurations = (
				A91BE9E32198F70900E4BA67 /* Debug */,
				A91BE9E42198F70900E4BA67 /* Release */,
			);
			defaultConfigurationIsVisible = 0;
			defaultConfigurationName = Release;
		};
		A91BE9E52198F70900E4BA67 /* Build configuration list for PBXNativeTarget "WhoSaidIt" */ = {
			isa = XCConfigurationList;
			buildConfigurations = (
				A91BE9E62198F70900E4BA67 /* Debug */,
				A91BE9E72198F70900E4BA67 /* Release */,
			);
			defaultConfigurationIsVisible = 0;
			defaultConfigurationName = Release;
		};
		A91BE9E82198F70900E4BA67 /* Build configuration list for PBXNativeTarget "WhoSaidItTests" */ = {
			isa = XCConfigurationList;
			buildConfigurations = (
				A91BE9E92198F70900E4BA67 /* Debug */,
				A91BE9EA2198F70900E4BA67 /* Release */,
			);
			defaultConfigurationIsVisible = 0;
			defaultConfigurationName = Release;
		};
		A91BE9EB2198F70900E4BA67 /* Build configuration list for PBXNativeTarget "WhoSaidItUITests" */ = {
			isa = XCConfigurationList;
			buildConfigurations = (
				A91BE9EC2198F70900E4BA67 /* Debug */,
				A91BE9ED2198F70900E4BA67 /* Release */,
			);
			defaultConfigurationIsVisible = 0;
			defaultConfigurationName = Release;
		};
/* End XCConfigurationList section */
	};
	rootObject = A91BE9B52198F70700E4BA67 /* Project object */;
}
